{
  "name": "ng-azure-maps",
  "version": "2.0.1",
  "lockfileVersion": 1,
  "requires": true,
  "dependencies": {
    "@angular/common": {
      "version": "10.1.0",
      "resolved": "https://registry.npmjs.org/@angular/common/-/common-10.1.0.tgz",
      "integrity": "sha512-LdDa6adSv9b+uCSyYuH8I7LS40CdJCVMOv8Y44p/JBr9b54Datslf8nygG1RhU+HkIMzdtw6qjcHbwF+27cLZw==",
      "dev": true,
      "requires": {
        "tslib": "^2.0.0"
      },
      "dependencies": {
        "tslib": {
          "version": "2.0.1",
          "resolved": "https://registry.npmjs.org/tslib/-/tslib-2.0.1.tgz",
          "integrity": "sha512-SgIkNheinmEBgx1IUNirK0TUD4X9yjjBRTqqjggWCU3pUEqIk3/Uwl3yRixYKT6WjQuGiwDv4NomL3wqRCj+CQ==",
          "dev": true
        }
      }
    },
    "@angular/core": {
      "version": "10.1.0",
      "resolved": "https://registry.npmjs.org/@angular/core/-/core-10.1.0.tgz",
      "integrity": "sha512-lENt8Wk1vVsIiHeZVzXCZoHY13BxkqmulEw/AdUOh4VQxoU5K3z1o7fC1cvPHBvBEUnhbD2pDC1UHcY1G9yLRw==",
      "dev": true,
      "requires": {
        "tslib": "^2.0.0"
      },
      "dependencies": {
        "tslib": {
          "version": "2.0.1",
          "resolved": "https://registry.npmjs.org/tslib/-/tslib-2.0.1.tgz",
          "integrity": "sha512-SgIkNheinmEBgx1IUNirK0TUD4X9yjjBRTqqjggWCU3pUEqIk3/Uwl3yRixYKT6WjQuGiwDv4NomL3wqRCj+CQ==",
          "dev": true
        }
      }
    },
    "@types/adal-angular": {
      "version": "1.0.1",
      "resolved": "https://registry.npmjs.org/@types/adal-angular/-/adal-angular-1.0.1.tgz",
      "integrity": "sha512-2sRGxJYrluhvIz8ae98i5k5woe9Fics4dMFHTcNfY2xAkj5QGZor+sfZzlgM58Fpw7Kklau9Gn6OhgJP25dKug==",
      "dev": true
    },
    "azure-maps-control": {
      "version": "2.0.29",
      "resolved": "https://registry.npmjs.org/azure-maps-control/-/azure-maps-control-2.0.29.tgz",
      "integrity": "sha512-OsLclO19RHHg2zZ3TMB1hGZRlfGdEc6OEzm0+9v3lLO6H4vv8V4/KhEjdmcEPpK+XQTnwvusvOozuvM+xEzEaQ==",
      "dev": true,
      "requires": {
        "@types/adal-angular": "^1.0.1"
      }
    },
    "azure-maps-drawing-tools": {
      "version": "0.1.4",
      "resolved": "https://registry.npmjs.org/azure-maps-drawing-tools/-/azure-maps-drawing-tools-0.1.4.tgz",
      "integrity": "sha512-Eu9CbQk9v1OArFr464PyeuVb4K61gQzQ8MWAWH0Wz2ZBk8qM42ZTB8lDE2bKGbo7AaoB3uiXKXSE4wYq0N9XAg==",
      "dev": true,
      "requires": {
        "azure-maps-control": "^2.0.21"
      }
    }
  }
}
