{
  "name": "ng-azure-maps",
  "version": "0.0.1",
  "lockfileVersion": 1,
  "requires": true,
  "dependencies": {
    "@angular/common": {
      "version": "9.0.6",
      "resolved": "https://registry.npmjs.org/@angular/common/-/common-9.0.6.tgz",
      "integrity": "sha512-z+c+zmoZTOQ2fT2sFQpHhpUbIYtjerxYmdOVpukprZCuv9WT2SGJfu4QVGSkeqejYnMp6VtXMdQ1CeAQojj0sw==",
      "dev": true
    },
    "@angular/core": {
      "version": "9.0.6",
      "resolved": "https://registry.npmjs.org/@angular/core/-/core-9.0.6.tgz",
      "integrity": "sha512-egpVGqqI+L1QQFn9ziHIElXb0bCzY1l8vzyQGfm2KnxHpmx2TJp2uaaHh5LRcqYR7TLeGMpqmzhRxir6Up7AAQ==",
      "dev": true
    },
    "@types/adal-angular": {
      "version": "1.0.1",
      "resolved": "https://registry.npmjs.org/@types/adal-angular/-/adal-angular-1.0.1.tgz",
      "integrity": "sha512-2sRGxJYrluhvIz8ae98i5k5woe9Fics4dMFHTcNfY2xAkj5QGZor+sfZzlgM58Fpw7Kklau9Gn6OhgJP25dKug==",
      "dev": true
    },
    "azure-maps-control": {
      "version": "2.0.23",
      "resolved": "https://registry.npmjs.org/azure-maps-control/-/azure-maps-control-2.0.23.tgz",
      "integrity": "sha512-pEK9hOajeF9qpLlobfZwygp0SfCeRrVDsLcs/ZjJMx07ikI0ewS/hRGzSwwt/NWFrWcURJh+n7Vuzrm6H+L2iw==",
      "dev": true,
      "requires": {
        "@types/adal-angular": "^1.0.1"
      }
    },
    "tslib": {
      "version": "1.11.1",
      "resolved": "https://registry.npmjs.org/tslib/-/tslib-1.11.1.tgz",
      "integrity": "sha512-aZW88SY8kQbU7gpV19lN24LtXh/yD4ZZg6qieAJDDg+YBsJcSmLGK9QpnUjAKVG/xefmvJGd1WUmfpT/g6AJGA==",
      "dev": true
    }
  }
}
